// !$*UTF8*$!
{
	archiveVersion = 1;
	classes = {
	};
	objectVersion = 55;
	objects = {

/* Begin PBXBuildFile section */
		3A1917782856134400F1A506 /* CharacterTableViewCell.xib in Resources */ = {isa = PBXBuildFile; fileRef = 3A1917772856134400F1A506 /* CharacterTableViewCell.xib */; };
		3A19177C285614A800F1A506 /* ResultsModel.swift in Sources */ = {isa = PBXBuildFile; fileRef = 3A19177B285614A800F1A506 /* ResultsModel.swift */; };
		3A19177E285614C000F1A506 /* InfoModel.swift in Sources */ = {isa = PBXBuildFile; fileRef = 3A19177D285614C000F1A506 /* InfoModel.swift */; };
		3A191780285614D500F1A506 /* OriginModel.swift in Sources */ = {isa = PBXBuildFile; fileRef = 3A19177F285614D500F1A506 /* OriginModel.swift */; };
		3A1917822856153800F1A506 /* LocationModel.swift in Sources */ = {isa = PBXBuildFile; fileRef = 3A1917812856153800F1A506 /* LocationModel.swift */; };
		3A1917852856162000F1A506 /* CharacterTableViewCell.swift in Sources */ = {isa = PBXBuildFile; fileRef = 3A1917842856162000F1A506 /* CharacterTableViewCell.swift */; };
		3A6FF121284774B1006855F4 /* AppDelegate.swift in Sources */ = {isa = PBXBuildFile; fileRef = 3A6FF120284774B1006855F4 /* AppDelegate.swift */; };
		3A6FF123284774B1006855F4 /* SceneDelegate.swift in Sources */ = {isa = PBXBuildFile; fileRef = 3A6FF122284774B1006855F4 /* SceneDelegate.swift */; };
		3A6FF125284774B1006855F4 /* CharactersViewController.swift in Sources */ = {isa = PBXBuildFile; fileRef = 3A6FF124284774B1006855F4 /* CharactersViewController.swift */; };
		3A6FF128284774B1006855F4 /* Main.storyboard in Resources */ = {isa = PBXBuildFile; fileRef = 3A6FF126284774B1006855F4 /* Main.storyboard */; };
		3A6FF12A284774B2006855F4 /* Assets.xcassets in Resources */ = {isa = PBXBuildFile; fileRef = 3A6FF129284774B2006855F4 /* Assets.xcassets */; };
		3A6FF12D284774B2006855F4 /* LaunchScreen.storyboard in Resources */ = {isa = PBXBuildFile; fileRef = 3A6FF12B284774B2006855F4 /* LaunchScreen.storyboard */; };
		3A6FF1352847A53B006855F4 /* CharacterModel.swift in Sources */ = {isa = PBXBuildFile; fileRef = 3A6FF1342847A53B006855F4 /* CharacterModel.swift */; };
		3A6FF1382847AF36006855F4 /* UIImageView+Downloaded.swift in Sources */ = {isa = PBXBuildFile; fileRef = 3A6FF1372847AF36006855F4 /* UIImageView+Downloaded.swift */; };
		3A6FF13B284CA436006855F4 /* Network.swift in Sources */ = {isa = PBXBuildFile; fileRef = 3A6FF13A284CA436006855F4 /* Network.swift */; };
		3A74FCD428561CC60096948D /* CharacterDetailViewController.swift in Sources */ = {isa = PBXBuildFile; fileRef = 3A74FCD328561CC60096948D /* CharacterDetailViewController.swift */; };
		3A7638702883040C006C5032 /* GoogleService-Info.plist in Resources */ = {isa = PBXBuildFile; fileRef = 3A76386F2883040C006C5032 /* GoogleService-Info.plist */; };
		3A8312C52867444E009CAB0C /* CustomHeaderForTableView.swift in Sources */ = {isa = PBXBuildFile; fileRef = 3A8312C42867444E009CAB0C /* CustomHeaderForTableView.swift */; };
		3A8312C728678A04009CAB0C /* CustomHeaderForTableView.xib in Resources */ = {isa = PBXBuildFile; fileRef = 3A8312C628678A04009CAB0C /* CustomHeaderForTableView.xib */; };
		3A8312CE286F279C009CAB0C /* EmptyDetailViewController.swift in Sources */ = {isa = PBXBuildFile; fileRef = 3A8312CD286F279C009CAB0C /* EmptyDetailViewController.swift */; };
		3A970DCD28902A4C00038882 /* UserNotifications.framework in Frameworks */ = {isa = PBXBuildFile; fileRef = 3A970DCC28902A4C00038882 /* UserNotifications.framework */; };
		3A970DCF28902A4C00038882 /* UserNotificationsUI.framework in Frameworks */ = {isa = PBXBuildFile; fileRef = 3A970DCE28902A4C00038882 /* UserNotificationsUI.framework */; };
		3A970DD228902A4C00038882 /* NotificationViewController.swift in Sources */ = {isa = PBXBuildFile; fileRef = 3A970DD128902A4C00038882 /* NotificationViewController.swift */; };
		3A970DD528902A4C00038882 /* MainInterface.storyboard in Resources */ = {isa = PBXBuildFile; fileRef = 3A970DD328902A4C00038882 /* MainInterface.storyboard */; };
		3A970DD928902A4C00038882 /* NotificationContent.appex in Embed App Extensions */ = {isa = PBXBuildFile; fileRef = 3A970DCB28902A4C00038882 /* NotificationContent.appex */; settings = {ATTRIBUTES = (RemoveHeadersOnCopy, ); }; };
		3AD117D1287D8EA500BCFF58 /* FirebaseAuth in Frameworks */ = {isa = PBXBuildFile; productRef = 3AD117D0287D8EA500BCFF58 /* FirebaseAuth */; };
		3AD117D3287D8EB200BCFF58 /* FirebaseDatabase in Frameworks */ = {isa = PBXBuildFile; productRef = 3AD117D2287D8EB200BCFF58 /* FirebaseDatabase */; };
		3AD117D7287DB87500BCFF58 /* AuthorizationViewController.swift in Sources */ = {isa = PBXBuildFile; fileRef = 3AD117D6287DB87500BCFF58 /* AuthorizationViewController.swift */; };
		3AE09280285B486600E701C4 /* MainSplitViewController.swift in Sources */ = {isa = PBXBuildFile; fileRef = 3AE0927F285B486600E701C4 /* MainSplitViewController.swift */; };
/* End PBXBuildFile section */

/* Begin PBXContainerItemProxy section */
		3A970DD728902A4C00038882 /* PBXContainerItemProxy */ = {
			isa = PBXContainerItemProxy;
			containerPortal = 3A6FF115284774B1006855F4 /* Project object */;
			proxyType = 1;
			remoteGlobalIDString = 3A970DCA28902A4C00038882;
			remoteInfo = NotificationContent;
		};
/* End PBXContainerItemProxy section */

/* Begin PBXCopyFilesBuildPhase section */
		3A970DDD28902A4C00038882 /* Embed App Extensions */ = {
			isa = PBXCopyFilesBuildPhase;
			buildActionMask = 2147483647;
			dstPath = "";
			dstSubfolderSpec = 13;
			files = (
				3A970DD928902A4C00038882 /* NotificationContent.appex in Embed App Extensions */,
			);
			name = "Embed App Extensions";
			runOnlyForDeploymentPostprocessing = 0;
		};
/* End PBXCopyFilesBuildPhase section */

/* Begin PBXFileReference section */
		3A1917772856134400F1A506 /* CharacterTableViewCell.xib */ = {isa = PBXFileReference; lastKnownFileType = file.xib; path = CharacterTableViewCell.xib; sourceTree = "<group>"; };
		3A19177B285614A800F1A506 /* ResultsModel.swift */ = {isa = PBXFileReference; lastKnownFileType = sourcecode.swift; path = ResultsModel.swift; sourceTree = "<group>"; };
		3A19177D285614C000F1A506 /* InfoModel.swift */ = {isa = PBXFileReference; lastKnownFileType = sourcecode.swift; path = InfoModel.swift; sourceTree = "<group>"; };
		3A19177F285614D500F1A506 /* OriginModel.swift */ = {isa = PBXFileReference; lastKnownFileType = sourcecode.swift; path = OriginModel.swift; sourceTree = "<group>"; };
		3A1917812856153800F1A506 /* LocationModel.swift */ = {isa = PBXFileReference; lastKnownFileType = sourcecode.swift; path = LocationModel.swift; sourceTree = "<group>"; };
		3A1917842856162000F1A506 /* CharacterTableViewCell.swift */ = {isa = PBXFileReference; lastKnownFileType = sourcecode.swift; path = CharacterTableViewCell.swift; sourceTree = "<group>"; };
		3A6FF11D284774B1006855F4 /* Rick_And_Morty_2.app */ = {isa = PBXFileReference; explicitFileType = wrapper.application; includeInIndex = 0; path = Rick_And_Morty_2.app; sourceTree = BUILT_PRODUCTS_DIR; };
		3A6FF120284774B1006855F4 /* AppDelegate.swift */ = {isa = PBXFileReference; lastKnownFileType = sourcecode.swift; path = AppDelegate.swift; sourceTree = "<group>"; };
		3A6FF122284774B1006855F4 /* SceneDelegate.swift */ = {isa = PBXFileReference; lastKnownFileType = sourcecode.swift; path = SceneDelegate.swift; sourceTree = "<group>"; };
		3A6FF124284774B1006855F4 /* CharactersViewController.swift */ = {isa = PBXFileReference; lastKnownFileType = sourcecode.swift; path = CharactersViewController.swift; sourceTree = "<group>"; };
		3A6FF127284774B1006855F4 /* Base */ = {isa = PBXFileReference; lastKnownFileType = file.storyboard; name = Base; path = Base.lproj/Main.storyboard; sourceTree = "<group>"; };
		3A6FF129284774B2006855F4 /* Assets.xcassets */ = {isa = PBXFileReference; lastKnownFileType = folder.assetcatalog; path = Assets.xcassets; sourceTree = "<group>"; };
		3A6FF12C284774B2006855F4 /* Base */ = {isa = PBXFileReference; lastKnownFileType = file.storyboard; name = Base; path = Base.lproj/LaunchScreen.storyboard; sourceTree = "<group>"; };
		3A6FF12E284774B2006855F4 /* Info.plist */ = {isa = PBXFileReference; lastKnownFileType = text.plist.xml; path = Info.plist; sourceTree = "<group>"; };
		3A6FF1342847A53B006855F4 /* CharacterModel.swift */ = {isa = PBXFileReference; lastKnownFileType = sourcecode.swift; path = CharacterModel.swift; sourceTree = "<group>"; };
		3A6FF1372847AF36006855F4 /* UIImageView+Downloaded.swift */ = {isa = PBXFileReference; lastKnownFileType = sourcecode.swift; path = "UIImageView+Downloaded.swift"; sourceTree = "<group>"; };
		3A6FF13A284CA436006855F4 /* Network.swift */ = {isa = PBXFileReference; lastKnownFileType = sourcecode.swift; path = Network.swift; sourceTree = "<group>"; };
		3A74FCD328561CC60096948D /* CharacterDetailViewController.swift */ = {isa = PBXFileReference; lastKnownFileType = sourcecode.swift; path = CharacterDetailViewController.swift; sourceTree = "<group>"; };
		3A76386F2883040C006C5032 /* GoogleService-Info.plist */ = {isa = PBXFileReference; fileEncoding = 4; lastKnownFileType = text.plist.xml; path = "GoogleService-Info.plist"; sourceTree = "<group>"; };
		3A8312C42867444E009CAB0C /* CustomHeaderForTableView.swift */ = {isa = PBXFileReference; lastKnownFileType = sourcecode.swift; path = CustomHeaderForTableView.swift; sourceTree = "<group>"; };
		3A8312C628678A04009CAB0C /* CustomHeaderForTableView.xib */ = {isa = PBXFileReference; lastKnownFileType = file.xib; path = CustomHeaderForTableView.xib; sourceTree = "<group>"; };
		3A8312CD286F279C009CAB0C /* EmptyDetailViewController.swift */ = {isa = PBXFileReference; lastKnownFileType = sourcecode.swift; path = EmptyDetailViewController.swift; sourceTree = "<group>"; };
		3A970DCB28902A4C00038882 /* NotificationContent.appex */ = {isa = PBXFileReference; explicitFileType = "wrapper.app-extension"; includeInIndex = 0; path = NotificationContent.appex; sourceTree = BUILT_PRODUCTS_DIR; };
		3A970DCC28902A4C00038882 /* UserNotifications.framework */ = {isa = PBXFileReference; lastKnownFileType = wrapper.framework; name = UserNotifications.framework; path = System/Library/Frameworks/UserNotifications.framework; sourceTree = SDKROOT; };
		3A970DCE28902A4C00038882 /* UserNotificationsUI.framework */ = {isa = PBXFileReference; lastKnownFileType = wrapper.framework; name = UserNotificationsUI.framework; path = System/Library/Frameworks/UserNotificationsUI.framework; sourceTree = SDKROOT; };
		3A970DD128902A4C00038882 /* NotificationViewController.swift */ = {isa = PBXFileReference; lastKnownFileType = sourcecode.swift; path = NotificationViewController.swift; sourceTree = "<group>"; };
		3A970DD428902A4C00038882 /* Base */ = {isa = PBXFileReference; lastKnownFileType = file.storyboard; name = Base; path = Base.lproj/MainInterface.storyboard; sourceTree = "<group>"; };
		3A970DD628902A4C00038882 /* Info.plist */ = {isa = PBXFileReference; lastKnownFileType = text.plist.xml; path = Info.plist; sourceTree = "<group>"; };
		3AD117D6287DB87500BCFF58 /* AuthorizationViewController.swift */ = {isa = PBXFileReference; lastKnownFileType = sourcecode.swift; path = AuthorizationViewController.swift; sourceTree = "<group>"; };
		3AE0927F285B486600E701C4 /* MainSplitViewController.swift */ = {isa = PBXFileReference; lastKnownFileType = sourcecode.swift; path = MainSplitViewController.swift; sourceTree = "<group>"; };
/* End PBXFileReference section */

/* Begin PBXFrameworksBuildPhase section */
		3A6FF11A284774B1006855F4 /* Frameworks */ = {
			isa = PBXFrameworksBuildPhase;
			buildActionMask = 2147483647;
			files = (
				3AD117D3287D8EB200BCFF58 /* FirebaseDatabase in Frameworks */,
				3AD117D1287D8EA500BCFF58 /* FirebaseAuth in Frameworks */,
			);
			runOnlyForDeploymentPostprocessing = 0;
		};
		3A970DC828902A4C00038882 /* Frameworks */ = {
			isa = PBXFrameworksBuildPhase;
			buildActionMask = 2147483647;
			files = (
				3A970DCF28902A4C00038882 /* UserNotificationsUI.framework in Frameworks */,
				3A970DCD28902A4C00038882 /* UserNotifications.framework in Frameworks */,
			);
			runOnlyForDeploymentPostprocessing = 0;
		};
/* End PBXFrameworksBuildPhase section */

/* Begin PBXGroup section */
		3A1917792856140600F1A506 /* Supported Files */ = {
			isa = PBXGroup;
			children = (
				3A6FF129284774B2006855F4 /* Assets.xcassets */,
				3A6FF12B284774B2006855F4 /* LaunchScreen.storyboard */,
				3A6FF12E284774B2006855F4 /* Info.plist */,
				3A76386F2883040C006C5032 /* GoogleService-Info.plist */,
				3A6FF120284774B1006855F4 /* AppDelegate.swift */,
				3A6FF122284774B1006855F4 /* SceneDelegate.swift */,
			);
			path = "Supported Files";
			sourceTree = "<group>";
		};
		3A19177A2856149000F1A506 /* Models */ = {
			isa = PBXGroup;
			children = (
				3A6FF1342847A53B006855F4 /* CharacterModel.swift */,
				3A19177B285614A800F1A506 /* ResultsModel.swift */,
				3A19177D285614C000F1A506 /* InfoModel.swift */,
				3A19177F285614D500F1A506 /* OriginModel.swift */,
				3A1917812856153800F1A506 /* LocationModel.swift */,
			);
			path = Models;
			sourceTree = "<group>";
		};
		3A191783285615B300F1A506 /* CharactersViewController */ = {
			isa = PBXGroup;
			children = (
				3A6FF124284774B1006855F4 /* CharactersViewController.swift */,
				3A8312C828678A5F009CAB0C /* CustomHeaderForTableView */,
				3A1917862856163100F1A506 /* CharacterTableViewCell */,
			);
			path = CharactersViewController;
			sourceTree = "<group>";
		};
		3A1917862856163100F1A506 /* CharacterTableViewCell */ = {
			isa = PBXGroup;
			children = (
				3A1917842856162000F1A506 /* CharacterTableViewCell.swift */,
				3A1917772856134400F1A506 /* CharacterTableViewCell.xib */,
			);
			path = CharacterTableViewCell;
			sourceTree = "<group>";
		};
		3A6FF114284774B1006855F4 = {
			isa = PBXGroup;
			children = (
				3A6FF11F284774B1006855F4 /* Rick_And_Morty_2 */,
				3A970DD028902A4C00038882 /* NotificationContent */,
				3A6FF11E284774B1006855F4 /* Products */,
				3AD117CF287D8EA500BCFF58 /* Frameworks */,
			);
			sourceTree = "<group>";
		};
		3A6FF11E284774B1006855F4 /* Products */ = {
			isa = PBXGroup;
			children = (
				3A6FF11D284774B1006855F4 /* Rick_And_Morty_2.app */,
				3A970DCB28902A4C00038882 /* NotificationContent.appex */,
			);
			name = Products;
			sourceTree = "<group>";
		};
		3A6FF11F284774B1006855F4 /* Rick_And_Morty_2 */ = {
			isa = PBXGroup;
			children = (
				3A6FF13A284CA436006855F4 /* Network.swift */,
				3A6FF126284774B1006855F4 /* Main.storyboard */,
				3AD117D8287DB8B000BCFF58 /* MainSplitViewController */,
				3AD117D5287DB7E800BCFF58 /* AuthorizationViewController */,
				3A191783285615B300F1A506 /* CharactersViewController */,
				3A74FCD228561C930096948D /* CharacterDetailViewController */,
				3A19177A2856149000F1A506 /* Models */,
				3A6FF1362847AE97006855F4 /* Extensions */,
				3A1917792856140600F1A506 /* Supported Files */,
			);
			path = Rick_And_Morty_2;
			sourceTree = "<group>";
		};
		3A6FF1362847AE97006855F4 /* Extensions */ = {
			isa = PBXGroup;
			children = (
				3A6FF1372847AF36006855F4 /* UIImageView+Downloaded.swift */,
			);
			path = Extensions;
			sourceTree = "<group>";
		};
		3A74FCD228561C930096948D /* CharacterDetailViewController */ = {
			isa = PBXGroup;
			children = (
				3A74FCD328561CC60096948D /* CharacterDetailViewController.swift */,
				3A8312CD286F279C009CAB0C /* EmptyDetailViewController.swift */,
			);
			path = CharacterDetailViewController;
			sourceTree = "<group>";
		};
		3A8312C828678A5F009CAB0C /* CustomHeaderForTableView */ = {
			isa = PBXGroup;
			children = (
				3A8312C42867444E009CAB0C /* CustomHeaderForTableView.swift */,
				3A8312C628678A04009CAB0C /* CustomHeaderForTableView.xib */,
			);
			path = CustomHeaderForTableView;
			sourceTree = "<group>";
		};
		3A970DD028902A4C00038882 /* NotificationContent */ = {
			isa = PBXGroup;
			children = (
				3A970DD128902A4C00038882 /* NotificationViewController.swift */,
				3A970DD328902A4C00038882 /* MainInterface.storyboard */,
				3A970DD628902A4C00038882 /* Info.plist */,
			);
			path = NotificationContent;
			sourceTree = "<group>";
		};
		3AD117CF287D8EA500BCFF58 /* Frameworks */ = {
			isa = PBXGroup;
			children = (
				3A970DCC28902A4C00038882 /* UserNotifications.framework */,
				3A970DCE28902A4C00038882 /* UserNotificationsUI.framework */,
			);
			name = Frameworks;
			sourceTree = "<group>";
		};
		3AD117D5287DB7E800BCFF58 /* AuthorizationViewController */ = {
			isa = PBXGroup;
			children = (
				3AD117D6287DB87500BCFF58 /* AuthorizationViewController.swift */,
			);
			path = AuthorizationViewController;
			sourceTree = "<group>";
		};
		3AD117D8287DB8B000BCFF58 /* MainSplitViewController */ = {
			isa = PBXGroup;
			children = (
				3AE0927F285B486600E701C4 /* MainSplitViewController.swift */,
			);
			path = MainSplitViewController;
			sourceTree = "<group>";
		};
/* End PBXGroup section */

/* Begin PBXNativeTarget section */
		3A6FF11C284774B1006855F4 /* Rick_And_Morty_2 */ = {
			isa = PBXNativeTarget;
			buildConfigurationList = 3A6FF131284774B2006855F4 /* Build configuration list for PBXNativeTarget "Rick_And_Morty_2" */;
			buildPhases = (
				3A6FF119284774B1006855F4 /* Sources */,
				3A6FF11A284774B1006855F4 /* Frameworks */,
				3A6FF11B284774B1006855F4 /* Resources */,
				3A970DDD28902A4C00038882 /* Embed App Extensions */,
			);
			buildRules = (
			);
			dependencies = (
				3A970DD828902A4C00038882 /* PBXTargetDependency */,
			);
			name = Rick_And_Morty_2;
			packageProductDependencies = (
				3AD117D0287D8EA500BCFF58 /* FirebaseAuth */,
				3AD117D2287D8EB200BCFF58 /* FirebaseDatabase */,
			);
			productName = Rick_And_Morty_2;
			productReference = 3A6FF11D284774B1006855F4 /* Rick_And_Morty_2.app */;
			productType = "com.apple.product-type.application";
		};
		3A970DCA28902A4C00038882 /* NotificationContent */ = {
			isa = PBXNativeTarget;
			buildConfigurationList = 3A970DDA28902A4C00038882 /* Build configuration list for PBXNativeTarget "NotificationContent" */;
			buildPhases = (
				3A970DC728902A4C00038882 /* Sources */,
				3A970DC828902A4C00038882 /* Frameworks */,
				3A970DC928902A4C00038882 /* Resources */,
			);
			buildRules = (
			);
			dependencies = (
			);
			name = NotificationContent;
			productName = NotificationContent;
			productReference = 3A970DCB28902A4C00038882 /* NotificationContent.appex */;
			productType = "com.apple.product-type.app-extension";
		};
/* End PBXNativeTarget section */

/* Begin PBXProject section */
		3A6FF115284774B1006855F4 /* Project object */ = {
			isa = PBXProject;
			attributes = {
				BuildIndependentTargetsInParallel = 1;
				LastSwiftUpdateCheck = 1330;
				LastUpgradeCheck = 1330;
				TargetAttributes = {
					3A6FF11C284774B1006855F4 = {
						CreatedOnToolsVersion = 13.3.1;
					};
					3A970DCA28902A4C00038882 = {
						CreatedOnToolsVersion = 13.3.1;
					};
				};
			};
			buildConfigurationList = 3A6FF118284774B1006855F4 /* Build configuration list for PBXProject "Rick_And_Morty_2" */;
			compatibilityVersion = "Xcode 13.0";
			developmentRegion = en;
			hasScannedForEncodings = 0;
			knownRegions = (
				en,
				Base,
			);
			mainGroup = 3A6FF114284774B1006855F4;
			packageReferences = (
				3AD117C7287D815500BCFF58 /* XCRemoteSwiftPackageReference "firebase-ios-sdk" */,
			);
			productRefGroup = 3A6FF11E284774B1006855F4 /* Products */;
			projectDirPath = "";
			projectRoot = "";
			targets = (
				3A6FF11C284774B1006855F4 /* Rick_And_Morty_2 */,
				3A970DCA28902A4C00038882 /* NotificationContent */,
			);
		};
/* End PBXProject section */

/* Begin PBXResourcesBuildPhase section */
		3A6FF11B284774B1006855F4 /* Resources */ = {
			isa = PBXResourcesBuildPhase;
			buildActionMask = 2147483647;
			files = (
				3A6FF12D284774B2006855F4 /* LaunchScreen.storyboard in Resources */,
				3A6FF12A284774B2006855F4 /* Assets.xcassets in Resources */,
				3A6FF128284774B1006855F4 /* Main.storyboard in Resources */,
				3A8312C728678A04009CAB0C /* CustomHeaderForTableView.xib in Resources */,
				3A1917782856134400F1A506 /* CharacterTableViewCell.xib in Resources */,
				3A7638702883040C006C5032 /* GoogleService-Info.plist in Resources */,
			);
			runOnlyForDeploymentPostprocessing = 0;
		};
		3A970DC928902A4C00038882 /* Resources */ = {
			isa = PBXResourcesBuildPhase;
			buildActionMask = 2147483647;
			files = (
				3A970DD528902A4C00038882 /* MainInterface.storyboard in Resources */,
			);
			runOnlyForDeploymentPostprocessing = 0;
		};
/* End PBXResourcesBuildPhase section */

/* Begin PBXSourcesBuildPhase section */
		3A6FF119284774B1006855F4 /* Sources */ = {
			isa = PBXSourcesBuildPhase;
			buildActionMask = 2147483647;
			files = (
				3A191780285614D500F1A506 /* OriginModel.swift in Sources */,
				3A74FCD428561CC60096948D /* CharacterDetailViewController.swift in Sources */,
				3A6FF1382847AF36006855F4 /* UIImageView+Downloaded.swift in Sources */,
				3A6FF1352847A53B006855F4 /* CharacterModel.swift in Sources */,
				3AD117D7287DB87500BCFF58 /* AuthorizationViewController.swift in Sources */,
				3A6FF13B284CA436006855F4 /* Network.swift in Sources */,
				3AE09280285B486600E701C4 /* MainSplitViewController.swift in Sources */,
				3A19177C285614A800F1A506 /* ResultsModel.swift in Sources */,
				3A1917852856162000F1A506 /* CharacterTableViewCell.swift in Sources */,
				3A6FF125284774B1006855F4 /* CharactersViewController.swift in Sources */,
				3A6FF121284774B1006855F4 /* AppDelegate.swift in Sources */,
				3A6FF123284774B1006855F4 /* SceneDelegate.swift in Sources */,
				3A1917822856153800F1A506 /* LocationModel.swift in Sources */,
				3A8312C52867444E009CAB0C /* CustomHeaderForTableView.swift in Sources */,
				3A19177E285614C000F1A506 /* InfoModel.swift in Sources */,
				3A8312CE286F279C009CAB0C /* EmptyDetailViewController.swift in Sources */,
			);
			runOnlyForDeploymentPostprocessing = 0;
		};
		3A970DC728902A4C00038882 /* Sources */ = {
			isa = PBXSourcesBuildPhase;
			buildActionMask = 2147483647;
			files = (
				3A970DD228902A4C00038882 /* NotificationViewController.swift in Sources */,
			);
			runOnlyForDeploymentPostprocessing = 0;
		};
/* End PBXSourcesBuildPhase section */

/* Begin PBXTargetDependency section */
		3A970DD828902A4C00038882 /* PBXTargetDependency */ = {
			isa = PBXTargetDependency;
			target = 3A970DCA28902A4C00038882 /* NotificationContent */;
			targetProxy = 3A970DD728902A4C00038882 /* PBXContainerItemProxy */;
		};
/* End PBXTargetDependency section */

/* Begin PBXVariantGroup section */
		3A6FF126284774B1006855F4 /* Main.storyboard */ = {
			isa = PBXVariantGroup;
			children = (
				3A6FF127284774B1006855F4 /* Base */,
			);
			name = Main.storyboard;
			sourceTree = "<group>";
		};
		3A6FF12B284774B2006855F4 /* LaunchScreen.storyboard */ = {
			isa = PBXVariantGroup;
			children = (
				3A6FF12C284774B2006855F4 /* Base */,
			);
			name = LaunchScreen.storyboard;
			sourceTree = "<group>";
		};
		3A970DD328902A4C00038882 /* MainInterface.storyboard */ = {
			isa = PBXVariantGroup;
			children = (
				3A970DD428902A4C00038882 /* Base */,
			);
			name = MainInterface.storyboard;
			sourceTree = "<group>";
		};
/* End PBXVariantGroup section */

/* Begin XCBuildConfiguration section */
		3A6FF12F284774B2006855F4 /* Debug */ = {
			isa = XCBuildConfiguration;
			buildSettings = {
				ALWAYS_SEARCH_USER_PATHS = NO;
				CLANG_ANALYZER_NONNULL = YES;
				CLANG_ANALYZER_NUMBER_OBJECT_CONVERSION = YES_AGGRESSIVE;
				CLANG_CXX_LANGUAGE_STANDARD = "gnu++17";
				CLANG_ENABLE_MODULES = YES;
				CLANG_ENABLE_OBJC_ARC = YES;
				CLANG_ENABLE_OBJC_WEAK = YES;
				CLANG_WARN_BLOCK_CAPTURE_AUTORELEASING = YES;
				CLANG_WARN_BOOL_CONVERSION = YES;
				CLANG_WARN_COMMA = YES;
				CLANG_WARN_CONSTANT_CONVERSION = YES;
				CLANG_WARN_DEPRECATED_OBJC_IMPLEMENTATIONS = YES;
				CLANG_WARN_DIRECT_OBJC_ISA_USAGE = YES_ERROR;
				CLANG_WARN_DOCUMENTATION_COMMENTS = YES;
				CLANG_WARN_EMPTY_BODY = YES;
				CLANG_WARN_ENUM_CONVERSION = YES;
				CLANG_WARN_INFINITE_RECURSION = YES;
				CLANG_WARN_INT_CONVERSION = YES;
				CLANG_WARN_NON_LITERAL_NULL_CONVERSION = YES;
				CLANG_WARN_OBJC_IMPLICIT_RETAIN_SELF = YES;
				CLANG_WARN_OBJC_LITERAL_CONVERSION = YES;
				CLANG_WARN_OBJC_ROOT_CLASS = YES_ERROR;
				CLANG_WARN_QUOTED_INCLUDE_IN_FRAMEWORK_HEADER = YES;
				CLANG_WARN_RANGE_LOOP_ANALYSIS = YES;
				CLANG_WARN_STRICT_PROTOTYPES = YES;
				CLANG_WARN_SUSPICIOUS_MOVE = YES;
				CLANG_WARN_UNGUARDED_AVAILABILITY = YES_AGGRESSIVE;
				CLANG_WARN_UNREACHABLE_CODE = YES;
				CLANG_WARN__DUPLICATE_METHOD_MATCH = YES;
				COPY_PHASE_STRIP = NO;
				DEBUG_INFORMATION_FORMAT = dwarf;
				ENABLE_STRICT_OBJC_MSGSEND = YES;
				ENABLE_TESTABILITY = YES;
				GCC_C_LANGUAGE_STANDARD = gnu11;
				GCC_DYNAMIC_NO_PIC = NO;
				GCC_NO_COMMON_BLOCKS = YES;
				GCC_OPTIMIZATION_LEVEL = 0;
				GCC_PREPROCESSOR_DEFINITIONS = (
					"DEBUG=1",
					"$(inherited)",
				);
				GCC_WARN_64_TO_32_BIT_CONVERSION = YES;
				GCC_WARN_ABOUT_RETURN_TYPE = YES_ERROR;
				GCC_WARN_UNDECLARED_SELECTOR = YES;
				GCC_WARN_UNINITIALIZED_AUTOS = YES_AGGRESSIVE;
				GCC_WARN_UNUSED_FUNCTION = YES;
				GCC_WARN_UNUSED_VARIABLE = YES;
				IPHONEOS_DEPLOYMENT_TARGET = 15.4;
				MTL_ENABLE_DEBUG_INFO = INCLUDE_SOURCE;
				MTL_FAST_MATH = YES;
				ONLY_ACTIVE_ARCH = YES;
				SDKROOT = iphoneos;
				SWIFT_ACTIVE_COMPILATION_CONDITIONS = DEBUG;
				SWIFT_OPTIMIZATION_LEVEL = "-Onone";
			};
			name = Debug;
		};
		3A6FF130284774B2006855F4 /* Release */ = {
			isa = XCBuildConfiguration;
			buildSettings = {
				ALWAYS_SEARCH_USER_PATHS = NO;
				CLANG_ANALYZER_NONNULL = YES;
				CLANG_ANALYZER_NUMBER_OBJECT_CONVERSION = YES_AGGRESSIVE;
				CLANG_CXX_LANGUAGE_STANDARD = "gnu++17";
				CLANG_ENABLE_MODULES = YES;
				CLANG_ENABLE_OBJC_ARC = YES;
				CLANG_ENABLE_OBJC_WEAK = YES;
				CLANG_WARN_BLOCK_CAPTURE_AUTORELEASING = YES;
				CLANG_WARN_BOOL_CONVERSION = YES;
				CLANG_WARN_COMMA = YES;
				CLANG_WARN_CONSTANT_CONVERSION = YES;
				CLANG_WARN_DEPRECATED_OBJC_IMPLEMENTATIONS = YES;
				CLANG_WARN_DIRECT_OBJC_ISA_USAGE = YES_ERROR;
				CLANG_WARN_DOCUMENTATION_COMMENTS = YES;
				CLANG_WARN_EMPTY_BODY = YES;
				CLANG_WARN_ENUM_CONVERSION = YES;
				CLANG_WARN_INFINITE_RECURSION = YES;
				CLANG_WARN_INT_CONVERSION = YES;
				CLANG_WARN_NON_LITERAL_NULL_CONVERSION = YES;
				CLANG_WARN_OBJC_IMPLICIT_RETAIN_SELF = YES;
				CLANG_WARN_OBJC_LITERAL_CONVERSION = YES;
				CLANG_WARN_OBJC_ROOT_CLASS = YES_ERROR;
				CLANG_WARN_QUOTED_INCLUDE_IN_FRAMEWORK_HEADER = YES;
				CLANG_WARN_RANGE_LOOP_ANALYSIS = YES;
				CLANG_WARN_STRICT_PROTOTYPES = YES;
				CLANG_WARN_SUSPICIOUS_MOVE = YES;
				CLANG_WARN_UNGUARDED_AVAILABILITY = YES_AGGRESSIVE;
				CLANG_WARN_UNREACHABLE_CODE = YES;
				CLANG_WARN__DUPLICATE_METHOD_MATCH = YES;
				COPY_PHASE_STRIP = NO;
				DEBUG_INFORMATION_FORMAT = "dwarf-with-dsym";
				ENABLE_NS_ASSERTIONS = NO;
				ENABLE_STRICT_OBJC_MSGSEND = YES;
				GCC_C_LANGUAGE_STANDARD = gnu11;
				GCC_NO_COMMON_BLOCKS = YES;
				GCC_WARN_64_TO_32_BIT_CONVERSION = YES;
				GCC_WARN_ABOUT_RETURN_TYPE = YES_ERROR;
				GCC_WARN_UNDECLARED_SELECTOR = YES;
				GCC_WARN_UNINITIALIZED_AUTOS = YES_AGGRESSIVE;
				GCC_WARN_UNUSED_FUNCTION = YES;
				GCC_WARN_UNUSED_VARIABLE = YES;
				IPHONEOS_DEPLOYMENT_TARGET = 15.4;
				MTL_ENABLE_DEBUG_INFO = NO;
				MTL_FAST_MATH = YES;
				SDKROOT = iphoneos;
				SWIFT_COMPILATION_MODE = wholemodule;
				SWIFT_OPTIMIZATION_LEVEL = "-O";
				VALIDATE_PRODUCT = YES;
			};
			name = Release;
		};
		3A6FF132284774B2006855F4 /* Debug */ = {
			isa = XCBuildConfiguration;
			buildSettings = {
				ALWAYS_EMBED_SWIFT_STANDARD_LIBRARIES = YES;
				ASSETCATALOG_COMPILER_APPICON_NAME = AppIcon;
				ASSETCATALOG_COMPILER_GLOBAL_ACCENT_COLOR_NAME = AccentColor;
				CODE_SIGN_STYLE = Automatic;
				CURRENT_PROJECT_VERSION = 1;
				GENERATE_INFOPLIST_FILE = YES;
				INFOPLIST_FILE = "Rick_And_Morty_2/Supported Files/Info.plist";
				INFOPLIST_KEY_UIApplicationSupportsIndirectInputEvents = YES;
				INFOPLIST_KEY_UILaunchStoryboardName = LaunchScreen;
				INFOPLIST_KEY_UIMainStoryboardFile = Main;
				INFOPLIST_KEY_UISupportedInterfaceOrientations_iPad = "UIInterfaceOrientationPortrait UIInterfaceOrientationPortraitUpsideDown UIInterfaceOrientationLandscapeLeft UIInterfaceOrientationLandscapeRight";
				INFOPLIST_KEY_UISupportedInterfaceOrientations_iPhone = "UIInterfaceOrientationPortrait UIInterfaceOrientationLandscapeLeft UIInterfaceOrientationLandscapeRight";
				LD_RUNPATH_SEARCH_PATHS = (
					"$(inherited)",
					"@executable_path/Frameworks",
				);
				MARKETING_VERSION = 1.0;
				PRODUCT_BUNDLE_IDENTIFIER = "com.Nik.Rick-And-Morty-2";
				PRODUCT_NAME = "$(TARGET_NAME)";
				SWIFT_EMIT_LOC_STRINGS = YES;
				SWIFT_VERSION = 5.0;
				TARGETED_DEVICE_FAMILY = "1,2";
			};
			name = Debug;
		};
		3A6FF133284774B2006855F4 /* Release */ = {
			isa = XCBuildConfiguration;
			buildSettings = {
				ALWAYS_EMBED_SWIFT_STANDARD_LIBRARIES = YES;
				ASSETCATALOG_COMPILER_APPICON_NAME = AppIcon;
				ASSETCATALOG_COMPILER_GLOBAL_ACCENT_COLOR_NAME = AccentColor;
				CODE_SIGN_STYLE = Automatic;
				CURRENT_PROJECT_VERSION = 1;
				GENERATE_INFOPLIST_FILE = YES;
				INFOPLIST_FILE = "Rick_And_Morty_2/Supported Files/Info.plist";
				INFOPLIST_KEY_UIApplicationSupportsIndirectInputEvents = YES;
				INFOPLIST_KEY_UILaunchStoryboardName = LaunchScreen;
				INFOPLIST_KEY_UIMainStoryboardFile = Main;
				INFOPLIST_KEY_UISupportedInterfaceOrientations_iPad = "UIInterfaceOrientationPortrait UIInterfaceOrientationPortraitUpsideDown UIInterfaceOrientationLandscapeLeft UIInterfaceOrientationLandscapeRight";
				INFOPLIST_KEY_UISupportedInterfaceOrientations_iPhone = "UIInterfaceOrientationPortrait UIInterfaceOrientationLandscapeLeft UIInterfaceOrientationLandscapeRight";
				LD_RUNPATH_SEARCH_PATHS = (
					"$(inherited)",
					"@executable_path/Frameworks",
				);
				MARKETING_VERSION = 1.0;
				PRODUCT_BUNDLE_IDENTIFIER = "com.Nik.Rick-And-Morty-2";
				PRODUCT_NAME = "$(TARGET_NAME)";
				SWIFT_EMIT_LOC_STRINGS = YES;
				SWIFT_VERSION = 5.0;
				TARGETED_DEVICE_FAMILY = "1,2";
			};
			name = Release;
		};
		3A970DDB28902A4C00038882 /* Debug */ = {
			isa = XCBuildConfiguration;
			buildSettings = {
				CODE_SIGN_STYLE = Automatic;
				CURRENT_PROJECT_VERSION = 1;
				GENERATE_INFOPLIST_FILE = YES;
				INFOPLIST_FILE = NotificationContent/Info.plist;
				INFOPLIST_KEY_CFBundleDisplayName = NotificationContent;
				INFOPLIST_KEY_NSHumanReadableCopyright = "";
				LD_RUNPATH_SEARCH_PATHS = (
					"$(inherited)",
					"@executable_path/Frameworks",
					"@executable_path/../../Frameworks",
				);
				MARKETING_VERSION = 1.0;
				PRODUCT_BUNDLE_IDENTIFIER = "com.Nik.Rick-And-Morty-2.NotificationContent";
				PRODUCT_NAME = "$(TARGET_NAME)";
				SKIP_INSTALL = YES;
				SWIFT_EMIT_LOC_STRINGS = YES;
				SWIFT_VERSION = 5.0;
				TARGETED_DEVICE_FAMILY = "1,2";
			};
			name = Debug;
		};
		3A970DDC28902A4C00038882 /* Release */ = {
			isa = XCBuildConfiguration;
			buildSettings = {
				CODE_SIGN_STYLE = Automatic;
				CURRENT_PROJECT_VERSION = 1;
				GENERATE_INFOPLIST_FILE = YES;
				INFOPLIST_FILE = NotificationContent/Info.plist;
				INFOPLIST_KEY_CFBundleDisplayName = NotificationContent;
				INFOPLIST_KEY_NSHumanReadableCopyright = "";
				LD_RUNPATH_SEARCH_PATHS = (
					"$(inherited)",
					"@executable_path/Frameworks",
					"@executable_path/../../Frameworks",
				);
				MARKETING_VERSION = 1.0;
				PRODUCT_BUNDLE_IDENTIFIER = "com.Nik.Rick-And-Morty-2.NotificationContent";
				PRODUCT_NAME = "$(TARGET_NAME)";
				SKIP_INSTALL = YES;
				SWIFT_EMIT_LOC_STRINGS = YES;
				SWIFT_VERSION = 5.0;
				TARGETED_DEVICE_FAMILY = "1,2";
			};
			name = Release;
		};
/* End XCBuildConfiguration section */

/* Begin XCConfigurationList section */
		3A6FF118284774B1006855F4 /* Build configuration list for PBXProject "Rick_And_Morty_2" */ = {
			isa = XCConfigurationList;
			buildConfigurations = (
				3A6FF12F284774B2006855F4 /* Debug */,
				3A6FF130284774B2006855F4 /* Release */,
			);
			defaultConfigurationIsVisible = 0;
			defaultConfigurationName = Release;
		};
		3A6FF131284774B2006855F4 /* Build configuration list for PBXNativeTarget "Rick_And_Morty_2" */ = {
			isa = XCConfigurationList;
			buildConfigurations = (
				3A6FF132284774B2006855F4 /* Debug */,
				3A6FF133284774B2006855F4 /* Release */,
			);
			defaultConfigurationIsVisible = 0;
			defaultConfigurationName = Release;
		};
		3A970DDA28902A4C00038882 /* Build configuration list for PBXNativeTarget "NotificationContent" */ = {
			isa = XCConfigurationList;
			buildConfigurations = (
				3A970DDB28902A4C00038882 /* Debug */,
				3A970DDC28902A4C00038882 /* Release */,
			);
			defaultConfigurationIsVisible = 0;
			defaultConfigurationName = Release;
		};
/* End XCConfigurationList section */

/* Begin XCRemoteSwiftPackageReference section */
		3AD117C7287D815500BCFF58 /* XCRemoteSwiftPackageReference "firebase-ios-sdk" */ = {
			isa = XCRemoteSwiftPackageReference;
			repositoryURL = "https://github.com/firebase/firebase-ios-sdk";
			requirement = {
				kind = upToNextMajorVersion;
				minimumVersion = 9.0.0;
			};
		};
/* End XCRemoteSwiftPackageReference section */

/* Begin XCSwiftPackageProductDependency section */
		3AD117D0287D8EA500BCFF58 /* FirebaseAuth */ = {
			isa = XCSwiftPackageProductDependency;
			package = 3AD117C7287D815500BCFF58 /* XCRemoteSwiftPackageReference "firebase-ios-sdk" */;
			productName = FirebaseAuth;
		};
		3AD117D2287D8EB200BCFF58 /* FirebaseDatabase */ = {
			isa = XCSwiftPackageProductDependency;
			package = 3AD117C7287D815500BCFF58 /* XCRemoteSwiftPackageReference "firebase-ios-sdk" */;
			productName = FirebaseDatabase;
		};
/* End XCSwiftPackageProductDependency section */
	};
	rootObject = 3A6FF115284774B1006855F4 /* Project object */;
}
